
Microsoft Visual Studio Solution File, Format Version 12.00
# Visual Studio Version 17
VisualStudioVersion = 17.10.35027.167
MinimumVisualStudioVersion = 10.0.40219.1
Project("{9A19103F-16F7-4668-BE54-9A1E7A4F7556}") = "CoffeeManagementSystem.App", "CoffeeManagementSystem.App\CoffeeManagementSystem.App.csproj", "{2E5621A6-25F6-4D48-9DBC-20E3926A2268}"
EndProject
Project("{9A19103F-16F7-4668-BE54-9A1E7A4F7556}") = "CoffeeManagementSystem.Entities", "CoffeeManagementSystem.Entities\CoffeeManagementSystem.Entities.csproj", "{01518515-398A-4F50-9074-98E539A5CAFF}"
EndProject
Project("{FAE04EC0-301F-11D3-BF4B-00C04F79EFBC}") = "CoffeeManagementSystem.Repositories", "CoffeeManagementSysteem.Repositories\CoffeeManagementSystem.Repositories.csproj", "{4F20D4F1-D922-4C0A-A1DF-1A67D8224206}"
EndProject
Global
	GlobalSection(SolutionConfigurationPlatforms) = preSolution
		Debug|Any CPU = Debug|Any CPU
		Release|Any CPU = Release|Any CPU
	EndGlobalSection
	GlobalSection(ProjectConfigurationPlatforms) = postSolution
		{2E5621A6-25F6-4D48-9DBC-20E3926A2268}.Debug|Any CPU.ActiveCfg = Debug|Any CPU
		{2E5621A6-25F6-4D48-9DBC-20E3926A2268}.Debug|Any CPU.Build.0 = Debug|Any CPU
		{2E5621A6-25F6-4D48-9DBC-20E3926A2268}.Release|Any CPU.ActiveCfg = Release|Any CPU
		{2E5621A6-25F6-4D48-9DBC-20E3926A2268}.Release|Any CPU.Build.0 = Release|Any CPU
		{01518515-398A-4F50-9074-98E539A5CAFF}.Debug|Any CPU.ActiveCfg = Debug|Any CPU
		{01518515-398A-4F50-9074-98E539A5CAFF}.Debug|Any CPU.Build.0 = Debug|Any CPU
		{01518515-398A-4F50-9074-98E539A5CAFF}.Release|Any CPU.ActiveCfg = Release|Any CPU
		{01518515-398A-4F50-9074-98E539A5CAFF}.Release|Any CPU.Build.0 = Release|Any CPU
		{4F20D4F1-D922-4C0A-A1DF-1A67D8224206}.Debug|Any CPU.ActiveCfg = Debug|Any CPU
		{4F20D4F1-D922-4C0A-A1DF-1A67D8224206}.Debug|Any CPU.Build.0 = Debug|Any CPU
		{4F20D4F1-D922-4C0A-A1DF-1A67D8224206}.Release|Any CPU.ActiveCfg = Release|Any CPU
		{4F20D4F1-D922-4C0A-A1DF-1A67D8224206}.Release|Any CPU.Build.0 = Release|Any CPU
	EndGlobalSection
	GlobalSection(SolutionProperties) = preSolution
		HideSolutionNode = FALSE
	EndGlobalSection
	GlobalSection(ExtensibilityGlobals) = postSolution
		SolutionGuid = {B83B252E-043C-4FCF-8124-4D2AAF339670}
	EndGlobalSection
EndGlobal
